// !$*UTF8*$!
{
	archiveVersion = 1;
	classes = {
	};
	objectVersion = 56;
	objects = {

/* Begin PBXBuildFile section */
		F586B29F2A7BC84200212033 /* StudyTimerApp.swift in Sources */ = {isa = PBXBuildFile; fileRef = F586B29E2A7BC84200212033 /* StudyTimerApp.swift */; };
		F586B2A12A7BC84200212033 /* ContentView.swift in Sources */ = {isa = PBXBuildFile; fileRef = F586B2A02A7BC84200212033 /* ContentView.swift */; };
		F586B2A32A7BC84300212033 /* Assets.xcassets in Resources */ = {isa = PBXBuildFile; fileRef = F586B2A22A7BC84300212033 /* Assets.xcassets */; };
		F586B2A62A7BC84300212033 /* Preview Assets.xcassets in Resources */ = {isa = PBXBuildFile; fileRef = F586B2A52A7BC84300212033 /* Preview Assets.xcassets */; };
		F586B2B02A7BC8F300212033 /* HomeView.swift in Sources */ = {isa = PBXBuildFile; fileRef = F586B2AF2A7BC8F300212033 /* HomeView.swift */; };
		F586B2B22A7BC95A00212033 /* BackgroundView.swift in Sources */ = {isa = PBXBuildFile; fileRef = F586B2B12A7BC95A00212033 /* BackgroundView.swift */; };
		F586B2B52A7BDED900212033 /* Helpers.swift in Sources */ = {isa = PBXBuildFile; fileRef = F586B2B42A7BDED900212033 /* Helpers.swift */; };
		F5A603492B25D2170092E824 /* TimeManager.swift in Sources */ = {isa = PBXBuildFile; fileRef = F5A603482B25D2170092E824 /* TimeManager.swift */; };
		F5C4DE742B0CBFA30024BA0D /* TimeUpView.swift in Sources */ = {isa = PBXBuildFile; fileRef = F5C4DE732B0CBFA30024BA0D /* TimeUpView.swift */; };
		F5C4DE762B0CC1480024BA0D /* OnboardingView.swift in Sources */ = {isa = PBXBuildFile; fileRef = F5C4DE752B0CC1480024BA0D /* OnboardingView.swift */; };
/* End PBXBuildFile section */

/* Begin PBXFileReference section */
		F586B29B2A7BC84200212033 /* StudyTimer.app */ = {isa = PBXFileReference; explicitFileType = wrapper.application; includeInIndex = 0; path = StudyTimer.app; sourceTree = BUILT_PRODUCTS_DIR; };
		F586B29E2A7BC84200212033 /* StudyTimerApp.swift */ = {isa = PBXFileReference; lastKnownFileType = sourcecode.swift; path = StudyTimerApp.swift; sourceTree = "<group>"; };
		F586B2A02A7BC84200212033 /* ContentView.swift */ = {isa = PBXFileReference; lastKnownFileType = sourcecode.swift; path = ContentView.swift; sourceTree = "<group>"; };
		F586B2A22A7BC84300212033 /* Assets.xcassets */ = {isa = PBXFileReference; lastKnownFileType = folder.assetcatalog; path = Assets.xcassets; sourceTree = "<group>"; };
		F586B2A52A7BC84300212033 /* Preview Assets.xcassets */ = {isa = PBXFileReference; lastKnownFileType = folder.assetcatalog; path = "Preview Assets.xcassets"; sourceTree = "<group>"; };
		F586B2AF2A7BC8F300212033 /* HomeView.swift */ = {isa = PBXFileReference; lastKnownFileType = sourcecode.swift; path = HomeView.swift; sourceTree = "<group>"; };
		F586B2B12A7BC95A00212033 /* BackgroundView.swift */ = {isa = PBXFileReference; lastKnownFileType = sourcecode.swift; path = BackgroundView.swift; sourceTree = "<group>"; };
		F586B2B42A7BDED900212033 /* Helpers.swift */ = {isa = PBXFileReference; lastKnownFileType = sourcecode.swift; path = Helpers.swift; sourceTree = "<group>"; };
		F5A603482B25D2170092E824 /* TimeManager.swift */ = {isa = PBXFileReference; lastKnownFileType = sourcecode.swift; path = TimeManager.swift; sourceTree = "<group>"; };
		F5C4DE732B0CBFA30024BA0D /* TimeUpView.swift */ = {isa = PBXFileReference; lastKnownFileType = sourcecode.swift; path = TimeUpView.swift; sourceTree = "<group>"; };
		F5C4DE752B0CC1480024BA0D /* OnboardingView.swift */ = {isa = PBXFileReference; lastKnownFileType = sourcecode.swift; path = OnboardingView.swift; sourceTree = "<group>"; };
/* End PBXFileReference section */

/* Begin PBXFrameworksBuildPhase section */
		F586B2982A7BC84200212033 /* Frameworks */ = {
			isa = PBXFrameworksBuildPhase;
			buildActionMask = 2147483647;
			files = (
			);
			runOnlyForDeploymentPostprocessing = 0;
		};
/* End PBXFrameworksBuildPhase section */

/* Begin PBXGroup section */
		F586B2922A7BC84200212033 = {
			isa = PBXGroup;
			children = (
				F586B29D2A7BC84200212033 /* StudyTimer */,
				F586B29C2A7BC84200212033 /* Products */,
			);
			sourceTree = "<group>";
		};
		F586B29C2A7BC84200212033 /* Products */ = {
			isa = PBXGroup;
			children = (
				F586B29B2A7BC84200212033 /* StudyTimer.app */,
			);
			name = Products;
			sourceTree = "<group>";
		};
		F586B29D2A7BC84200212033 /* StudyTimer */ = {
			isa = PBXGroup;
			children = (
				F586B2B32A7BDECC00212033 /* Helpers */,
				F586B2AD2A7BC8D000212033 /* Screens */,
				F586B2AC2A7BC8CA00212033 /* Views */,
				F586B29E2A7BC84200212033 /* StudyTimerApp.swift */,
				F586B2A02A7BC84200212033 /* ContentView.swift */,
				F586B2A22A7BC84300212033 /* Assets.xcassets */,
				F586B2A42A7BC84300212033 /* Preview Content */,
				F5A603482B25D2170092E824 /* TimeManager.swift */,
			);
			path = StudyTimer;
			sourceTree = "<group>";
		};
		F586B2A42A7BC84300212033 /* Preview Content */ = {
			isa = PBXGroup;
			children = (
				F586B2A52A7BC84300212033 /* Preview Assets.xcassets */,
			);
			path = "Preview Content";
			sourceTree = "<group>";
		};
		F586B2AC2A7BC8CA00212033 /* Views */ = {
			isa = PBXGroup;
			children = (
				F586B2B12A7BC95A00212033 /* BackgroundView.swift */,
			);
			path = Views;
			sourceTree = "<group>";
		};
		F586B2AD2A7BC8D000212033 /* Screens */ = {
			isa = PBXGroup;
			children = (
				F586B2AF2A7BC8F300212033 /* HomeView.swift */,
				F5C4DE732B0CBFA30024BA0D /* TimeUpView.swift */,
				F5C4DE752B0CC1480024BA0D /* OnboardingView.swift */,
			);
			path = Screens;
			sourceTree = "<group>";
		};
		F586B2B32A7BDECC00212033 /* Helpers */ = {
			isa = PBXGroup;
			children = (
				F586B2B42A7BDED900212033 /* Helpers.swift */,
			);
			path = Helpers;
			sourceTree = "<group>";
		};
/* End PBXGroup section */

/* Begin PBXNativeTarget section */
		F586B29A2A7BC84200212033 /* StudyTimer */ = {
			isa = PBXNativeTarget;
			buildConfigurationList = F586B2A92A7BC84300212033 /* Build configuration list for PBXNativeTarget "StudyTimer" */;
			buildPhases = (
				F586B2972A7BC84200212033 /* Sources */,
				F586B2982A7BC84200212033 /* Frameworks */,
				F586B2992A7BC84200212033 /* Resources */,
			);
			buildRules = (
			);
			dependencies = (
			);
			name = StudyTimer;
			productName = StudyTimer;
			productReference = F586B29B2A7BC84200212033 /* StudyTimer.app */;
			productType = "com.apple.product-type.application";
		};
/* End PBXNativeTarget section */

/* Begin PBXProject section */
		F586B2932A7BC84200212033 /* Project object */ = {
			isa = PBXProject;
			attributes = {
				BuildIndependentTargetsInParallel = 1;
				LastSwiftUpdateCheck = 1430;
				LastUpgradeCheck = 1500;
				TargetAttributes = {
					F586B29A2A7BC84200212033 = {
						CreatedOnToolsVersion = 14.3.1;
					};
				};
			};
			buildConfigurationList = F586B2962A7BC84200212033 /* Build configuration list for PBXProject "StudyTimer" */;
			compatibilityVersion = "Xcode 14.0";
			developmentRegion = en;
			hasScannedForEncodings = 0;
			knownRegions = (
				en,
				Base,
			);
			mainGroup = F586B2922A7BC84200212033;
			productRefGroup = F586B29C2A7BC84200212033 /* Products */;
			projectDirPath = "";
			projectRoot = "";
			targets = (
				F586B29A2A7BC84200212033 /* StudyTimer */,
			);
		};
/* End PBXProject section */

/* Begin PBXResourcesBuildPhase section */
		F586B2992A7BC84200212033 /* Resources */ = {
			isa = PBXResourcesBuildPhase;
			buildActionMask = 2147483647;
			files = (
				F586B2A62A7BC84300212033 /* Preview Assets.xcassets in Resources */,
				F586B2A32A7BC84300212033 /* Assets.xcassets in Resources */,
			);
			runOnlyForDeploymentPostprocessing = 0;
		};
/* End PBXResourcesBuildPhase section */

/* Begin PBXSourcesBuildPhase section */
		F586B2972A7BC84200212033 /* Sources */ = {
			isa = PBXSourcesBuildPhase;
			buildActionMask = 2147483647;
			files = (
				F5C4DE742B0CBFA30024BA0D /* TimeUpView.swift in Sources */,
				F586B2B02A7BC8F300212033 /* HomeView.swift in Sources */,
				F586B2A12A7BC84200212033 /* ContentView.swift in Sources */,
				F586B2B22A7BC95A00212033 /* BackgroundView.swift in Sources */,
				F586B2B52A7BDED900212033 /* Helpers.swift in Sources */,
				F586B29F2A7BC84200212033 /* StudyTimerApp.swift in Sources */,
				F5A603492B25D2170092E824 /* TimeManager.swift in Sources */,
				F5C4DE762B0CC1480024BA0D /* OnboardingView.swift in Sources */,
			);
			runOnlyForDeploymentPostprocessing = 0;
		};
/* End PBXSourcesBuildPhase section */

/* Begin XCBuildConfiguration section */
		F586B2A72A7BC84300212033 /* Debug */ = {
			isa = XCBuildConfiguration;
			buildSettings = {
				ALWAYS_SEARCH_USER_PATHS = NO;
				CLANG_ANALYZER_NONNULL = YES;
				CLANG_ANALYZER_NUMBER_OBJECT_CONVERSION = YES_AGGRESSIVE;
				CLANG_CXX_LANGUAGE_STANDARD = "gnu++20";
				CLANG_ENABLE_MODULES = YES;
				CLANG_ENABLE_OBJC_ARC = YES;
				CLANG_ENABLE_OBJC_WEAK = YES;
				CLANG_WARN_BLOCK_CAPTURE_AUTORELEASING = YES;
				CLANG_WARN_BOOL_CONVERSION = YES;
				CLANG_WARN_COMMA = YES;
				CLANG_WARN_CONSTANT_CONVERSION = YES;
				CLANG_WARN_DEPRECATED_OBJC_IMPLEMENTATIONS = YES;
				CLANG_WARN_DIRECT_OBJC_ISA_USAGE = YES_ERROR;
				CLANG_WARN_DOCUMENTATION_COMMENTS = YES;
				CLANG_WARN_EMPTY_BODY = YES;
				CLANG_WARN_ENUM_CONVERSION = YES;
				CLANG_WARN_INFINITE_RECURSION = YES;
				CLANG_WARN_INT_CONVERSION = YES;
				CLANG_WARN_NON_LITERAL_NULL_CONVERSION = YES;
				CLANG_WARN_OBJC_IMPLICIT_RETAIN_SELF = YES;
				CLANG_WARN_OBJC_LITERAL_CONVERSION = YES;
				CLANG_WARN_OBJC_ROOT_CLASS = YES_ERROR;
				CLANG_WARN_QUOTED_INCLUDE_IN_FRAMEWORK_HEADER = YES;
				CLANG_WARN_RANGE_LOOP_ANALYSIS = YES;
				CLANG_WARN_STRICT_PROTOTYPES = YES;
				CLANG_WARN_SUSPICIOUS_MOVE = YES;
				CLANG_WARN_UNGUARDED_AVAILABILITY = YES_AGGRESSIVE;
				CLANG_WARN_UNREACHABLE_CODE = YES;
				CLANG_WARN__DUPLICATE_METHOD_MATCH = YES;
				COPY_PHASE_STRIP = NO;
				DEBUG_INFORMATION_FORMAT = dwarf;
				ENABLE_STRICT_OBJC_MSGSEND = YES;
				ENABLE_TESTABILITY = YES;
				ENABLE_USER_SCRIPT_SANDBOXING = YES;
				GCC_C_LANGUAGE_STANDARD = gnu11;
				GCC_DYNAMIC_NO_PIC = NO;
				GCC_NO_COMMON_BLOCKS = YES;
				GCC_OPTIMIZATION_LEVEL = 0;
				GCC_PREPROCESSOR_DEFINITIONS = (
					"DEBUG=1",
					"$(inherited)",
				);
				GCC_WARN_64_TO_32_BIT_CONVERSION = YES;
				GCC_WARN_ABOUT_RETURN_TYPE = YES_ERROR;
				GCC_WARN_UNDECLARED_SELECTOR = YES;
				GCC_WARN_UNINITIALIZED_AUTOS = YES_AGGRESSIVE;
				GCC_WARN_UNUSED_FUNCTION = YES;
				GCC_WARN_UNUSED_VARIABLE = YES;
				IPHONEOS_DEPLOYMENT_TARGET = 16.0;
				MTL_ENABLE_DEBUG_INFO = INCLUDE_SOURCE;
				MTL_FAST_MATH = YES;
				ONLY_ACTIVE_ARCH = YES;
				SDKROOT = iphoneos;
				SWIFT_ACTIVE_COMPILATION_CONDITIONS = DEBUG;
				SWIFT_OPTIMIZATION_LEVEL = "-Onone";
			};
			name = Debug;
		};
		F586B2A82A7BC84300212033 /* Release */ = {
			isa = XCBuildConfiguration;
			buildSettings = {
				ALWAYS_SEARCH_USER_PATHS = NO;
				CLANG_ANALYZER_NONNULL = YES;
				CLANG_ANALYZER_NUMBER_OBJECT_CONVERSION = YES_AGGRESSIVE;
				CLANG_CXX_LANGUAGE_STANDARD = "gnu++20";
				CLANG_ENABLE_MODULES = YES;
				CLANG_ENABLE_OBJC_ARC = YES;
				CLANG_ENABLE_OBJC_WEAK = YES;
				CLANG_WARN_BLOCK_CAPTURE_AUTORELEASING = YES;
				CLANG_WARN_BOOL_CONVERSION = YES;
				CLANG_WARN_COMMA = YES;
				CLANG_WARN_CONSTANT_CONVERSION = YES;
				CLANG_WARN_DEPRECATED_OBJC_IMPLEMENTATIONS = YES;
				CLANG_WARN_DIRECT_OBJC_ISA_USAGE = YES_ERROR;
				CLANG_WARN_DOCUMENTATION_COMMENTS = YES;
				CLANG_WARN_EMPTY_BODY = YES;
				CLANG_WARN_ENUM_CONVERSION = YES;
				CLANG_WARN_INFINITE_RECURSION = YES;
				CLANG_WARN_INT_CONVERSION = YES;
				CLANG_WARN_NON_LITERAL_NULL_CONVERSION = YES;
				CLANG_WARN_OBJC_IMPLICIT_RETAIN_SELF = YES;
				CLANG_WARN_OBJC_LITERAL_CONVERSION = YES;
				CLANG_WARN_OBJC_ROOT_CLASS = YES_ERROR;
				CLANG_WARN_QUOTED_INCLUDE_IN_FRAMEWORK_HEADER = YES;
				CLANG_WARN_RANGE_LOOP_ANALYSIS = YES;
				CLANG_WARN_STRICT_PROTOTYPES = YES;
				CLANG_WARN_SUSPICIOUS_MOVE = YES;
				CLANG_WARN_UNGUARDED_AVAILABILITY = YES_AGGRESSIVE;
				CLANG_WARN_UNREACHABLE_CODE = YES;
				CLANG_WARN__DUPLICATE_METHOD_MATCH = YES;
				COPY_PHASE_STRIP = NO;
				DEBUG_INFORMATION_FORMAT = "dwarf-with-dsym";
				ENABLE_NS_ASSERTIONS = NO;
				ENABLE_STRICT_OBJC_MSGSEND = YES;
				ENABLE_USER_SCRIPT_SANDBOXING = YES;
				GCC_C_LANGUAGE_STANDARD = gnu11;
				GCC_NO_COMMON_BLOCKS = YES;
				GCC_WARN_64_TO_32_BIT_CONVERSION = YES;
				GCC_WARN_ABOUT_RETURN_TYPE = YES_ERROR;
				GCC_WARN_UNDECLARED_SELECTOR = YES;
				GCC_WARN_UNINITIALIZED_AUTOS = YES_AGGRESSIVE;
				GCC_WARN_UNUSED_FUNCTION = YES;
				GCC_WARN_UNUSED_VARIABLE = YES;
				IPHONEOS_DEPLOYMENT_TARGET = 16.0;
				MTL_ENABLE_DEBUG_INFO = NO;
				MTL_FAST_MATH = YES;
				SDKROOT = iphoneos;
				SWIFT_COMPILATION_MODE = wholemodule;
				SWIFT_OPTIMIZATION_LEVEL = "-O";
				VALIDATE_PRODUCT = YES;
			};
			name = Release;
		};
		F586B2AA2A7BC84300212033 /* Debug */ = {
			isa = XCBuildConfiguration;
			buildSettings = {
				ASSETCATALOG_COMPILER_APPICON_NAME = AppIcon;
				ASSETCATALOG_COMPILER_GLOBAL_ACCENT_COLOR_NAME = AccentColor;
				CODE_SIGN_STYLE = Automatic;
				CURRENT_PROJECT_VERSION = 1;
				DEVELOPMENT_ASSET_PATHS = "\"StudyTimer/Preview Content\"";
				DEVELOPMENT_TEAM = 5BDQ5WR29P;
				ENABLE_PREVIEWS = YES;
				GENERATE_INFOPLIST_FILE = YES;
				INFOPLIST_KEY_CFBundleDisplayName = Focean;
				INFOPLIST_KEY_LSApplicationCategoryType = "public.app-category.productivity";
				INFOPLIST_KEY_UIApplicationSceneManifest_Generation = YES;
				INFOPLIST_KEY_UIApplicationSupportsIndirectInputEvents = YES;
				INFOPLIST_KEY_UILaunchScreen_Generation = YES;
				INFOPLIST_KEY_UISupportedInterfaceOrientations = UIInterfaceOrientationPortrait;
				IPHONEOS_DEPLOYMENT_TARGET = 16.0;
				LD_RUNPATH_SEARCH_PATHS = (
					"$(inherited)",
					"@executable_path/Frameworks",
				);
				MARKETING_VERSION = 1.2;
				PRODUCT_BUNDLE_IDENTIFIER = com.bariscansertkaya.StudyTimer;
				PRODUCT_NAME = "$(TARGET_NAME)";
				SUPPORTED_PLATFORMS = "iphoneos iphonesimulator";
				SUPPORTS_MACCATALYST = NO;
				SUPPORTS_MAC_DESIGNED_FOR_IPHONE_IPAD = NO;
				SWIFT_EMIT_LOC_STRINGS = YES;
				SWIFT_VERSION = 5.0;
				TARGETED_DEVICE_FAMILY = "1,2";
			};
			name = Debug;
		};
		F586B2AB2A7BC84300212033 /* Release */ = {
			isa = XCBuildConfiguration;
			buildSettings = {
				ASSETCATALOG_COMPILER_APPICON_NAME = AppIcon;
				ASSETCATALOG_COMPILER_GLOBAL_ACCENT_COLOR_NAME = AccentColor;
				CODE_SIGN_STYLE = Automatic;
				CURRENT_PROJECT_VERSION = 1;
				DEVELOPMENT_ASSET_PATHS = "\"StudyTimer/Preview Content\"";
				DEVELOPMENT_TEAM = 5BDQ5WR29P;
				ENABLE_PREVIEWS = YES;
				GENERATE_INFOPLIST_FILE = YES;
				INFOPLIST_KEY_CFBundleDisplayName = Focean;
				INFOPLIST_KEY_LSApplicationCategoryType = "public.app-category.productivity";
				INFOPLIST_KEY_UIApplicationSceneManifest_Generation = YES;
				INFOPLIST_KEY_UIApplicationSupportsIndirectInputEvents = YES;
				INFOPLIST_KEY_UILaunchScreen_Generation = YES;
				INFOPLIST_KEY_UISupportedInterfaceOrientations = UIInterfaceOrientationPortrait;
				IPHONEOS_DEPLOYMENT_TARGET = 16.0;
				LD_RUNPATH_SEARCH_PATHS = (
					"$(inherited)",
					"@executable_path/Frameworks",
				);
				MARKETING_VERSION = 1.2;
				PRODUCT_BUNDLE_IDENTIFIER = com.bariscansertkaya.StudyTimer;
				PRODUCT_NAME = "$(TARGET_NAME)";
				SUPPORTED_PLATFORMS = "iphoneos iphonesimulator";
				SUPPORTS_MACCATALYST = NO;
				SUPPORTS_MAC_DESIGNED_FOR_IPHONE_IPAD = NO;
				SWIFT_EMIT_LOC_STRINGS = YES;
				SWIFT_VERSION = 5.0;
				TARGETED_DEVICE_FAMILY = "1,2";
			};
			name = Release;
		};
/* End XCBuildConfiguration section */

/* Begin XCConfigurationList section */
		F586B2962A7BC84200212033 /* Build configuration list for PBXProject "StudyTimer" */ = {
			isa = XCConfigurationList;
			buildConfigurations = (
				F586B2A72A7BC84300212033 /* Debug */,
				F586B2A82A7BC84300212033 /* Release */,
			);
			defaultConfigurationIsVisible = 0;
			defaultConfigurationName = Release;
		};
		F586B2A92A7BC84300212033 /* Build configuration list for PBXNativeTarget "StudyTimer" */ = {
			isa = XCConfigurationList;
			buildConfigurations = (
				F586B2AA2A7BC84300212033 /* Debug */,
				F586B2AB2A7BC84300212033 /* Release */,
			);
			defaultConfigurationIsVisible = 0;
			defaultConfigurationName = Release;
		};
/* End XCConfigurationList section */
	};
	rootObject = F586B2932A7BC84200212033 /* Project object */;
}
